
Microsoft Visual Studio Solution File, Format Version 12.00
# Visual Studio Version 17
VisualStudioVersion = 17.10.35027.167
MinimumVisualStudioVersion = 10.0.40219.1
Project("{FAE04EC0-301F-11D3-BF4B-00C04F79EFBC}") = "ToDoApp", "ToDoApp\ToDoApp.csproj", "{C2A7F90C-BF15-499A-B67C-736399902ABC}"
EndProject
Global
	GlobalSection(SolutionConfigurationPlatforms) = preSolution
		Debug|Any CPU = Debug|Any CPU
		Release|Any CPU = Release|Any CPU
	EndGlobalSection
	GlobalSection(ProjectConfigurationPlatforms) = postSolution
		{C2A7F90C-BF15-499A-B67C-736399902ABC}.Debug|Any CPU.ActiveCfg = Debug|Any CPU
		{C2A7F90C-BF15-499A-B67C-736399902ABC}.Debug|Any CPU.Build.0 = Debug|Any CPU
		{C2A7F90C-BF15-499A-B67C-736399902ABC}.Release|Any CPU.ActiveCfg = Release|Any CPU
		{C2A7F90C-BF15-499A-B67C-736399902ABC}.Release|Any CPU.Build.0 = Release|Any CPU
	EndGlobalSection
	GlobalSection(SolutionProperties) = preSolution
		HideSolutionNode = FALSE
	EndGlobalSection
	GlobalSection(ExtensibilityGlobals) = postSolution
		SolutionGuid = {3E701CD9-A59B-4DC0-8F48-BB125965FBA5}
	EndGlobalSection
EndGlobal
